// !$*UTF8*$!
{
	archiveVersion = 1;
	classes = {
	};
	objectVersion = 46;
	objects = {

/* Begin PBXBuildFile section */
		D5B300D91CED6A8D00F89FBE /* main.m in Sources */ = {isa = PBXBuildFile; fileRef = D5B300D81CED6A8D00F89FBE /* main.m */; };
		D5B300DC1CED6A8D00F89FBE /* AppDelegate.m in Sources */ = {isa = PBXBuildFile; fileRef = D5B300DB1CED6A8D00F89FBE /* AppDelegate.m */; };
		D5B300E41CED6A8D00F89FBE /* Assets.xcassets in Resources */ = {isa = PBXBuildFile; fileRef = D5B300E31CED6A8D00F89FBE /* Assets.xcassets */; };
		D5B300E71CED6A8D00F89FBE /* LaunchScreen.storyboard in Resources */ = {isa = PBXBuildFile; fileRef = D5B300E51CED6A8D00F89FBE /* LaunchScreen.storyboard */; };
		D5B300F11CED6ACC00F89FBE /* RootViewController.m in Sources */ = {isa = PBXBuildFile; fileRef = D5B300EF1CED6ACC00F89FBE /* RootViewController.m */; };
		D5B300F21CED6ACC00F89FBE /* RootViewController.xib in Resources */ = {isa = PBXBuildFile; fileRef = D5B300F01CED6ACC00F89FBE /* RootViewController.xib */; };
		D5B300F51CED6B6700F89FBE /* RefreshHeaderView.m in Sources */ = {isa = PBXBuildFile; fileRef = D5B300F41CED6B6700F89FBE /* RefreshHeaderView.m */; };
		D5B300F81CEDC7AA00F89FBE /* RefreshFooterView.m in Sources */ = {isa = PBXBuildFile; fileRef = D5B300F71CEDC7AA00F89FBE /* RefreshFooterView.m */; };
/* End PBXBuildFile section */

/* Begin PBXFileReference section */
		D5B300D41CED6A8D00F89FBE /* RefreshView.app */ = {isa = PBXFileReference; explicitFileType = wrapper.application; includeInIndex = 0; path = RefreshView.app; sourceTree = BUILT_PRODUCTS_DIR; };
		D5B300D81CED6A8D00F89FBE /* main.m */ = {isa = PBXFileReference; lastKnownFileType = sourcecode.c.objc; path = main.m; sourceTree = "<group>"; };
		D5B300DA1CED6A8D00F89FBE /* AppDelegate.h */ = {isa = PBXFileReference; lastKnownFileType = sourcecode.c.h; path = AppDelegate.h; sourceTree = "<group>"; };
		D5B300DB1CED6A8D00F89FBE /* AppDelegate.m */ = {isa = PBXFileReference; lastKnownFileType = sourcecode.c.objc; path = AppDelegate.m; sourceTree = "<group>"; };
		D5B300E31CED6A8D00F89FBE /* Assets.xcassets */ = {isa = PBXFileReference; lastKnownFileType = folder.assetcatalog; path = Assets.xcassets; sourceTree = "<group>"; };
		D5B300E61CED6A8D00F89FBE /* Base */ = {isa = PBXFileReference; lastKnownFileType = file.storyboard; name = Base; path = Base.lproj/LaunchScreen.storyboard; sourceTree = "<group>"; };
		D5B300E81CED6A8D00F89FBE /* Info.plist */ = {isa = PBXFileReference; lastKnownFileType = text.plist.xml; path = Info.plist; sourceTree = "<group>"; };
		D5B300EE1CED6ACC00F89FBE /* RootViewController.h */ = {isa = PBXFileReference; fileEncoding = 4; lastKnownFileType = sourcecode.c.h; path = RootViewController.h; sourceTree = "<group>"; };
		D5B300EF1CED6ACC00F89FBE /* RootViewController.m */ = {isa = PBXFileReference; fileEncoding = 4; lastKnownFileType = sourcecode.c.objc; path = RootViewController.m; sourceTree = "<group>"; };
		D5B300F01CED6ACC00F89FBE /* RootViewController.xib */ = {isa = PBXFileReference; fileEncoding = 4; lastKnownFileType = file.xib; path = RootViewController.xib; sourceTree = "<group>"; };
		D5B300F31CED6B6700F89FBE /* RefreshHeaderView.h */ = {isa = PBXFileReference; fileEncoding = 4; lastKnownFileType = sourcecode.c.h; path = RefreshHeaderView.h; sourceTree = "<group>"; };
		D5B300F41CED6B6700F89FBE /* RefreshHeaderView.m */ = {isa = PBXFileReference; fileEncoding = 4; lastKnownFileType = sourcecode.c.objc; path = RefreshHeaderView.m; sourceTree = "<group>"; };
		D5B300F61CEDC7AA00F89FBE /* RefreshFooterView.h */ = {isa = PBXFileReference; fileEncoding = 4; lastKnownFileType = sourcecode.c.h; path = RefreshFooterView.h; sourceTree = "<group>"; };
		D5B300F71CEDC7AA00F89FBE /* RefreshFooterView.m */ = {isa = PBXFileReference; fileEncoding = 4; lastKnownFileType = sourcecode.c.objc; path = RefreshFooterView.m; sourceTree = "<group>"; };
/* End PBXFileReference section */

/* Begin PBXFrameworksBuildPhase section */
		D5B300D11CED6A8D00F89FBE /* Frameworks */ = {
			isa = PBXFrameworksBuildPhase;
			buildActionMask = 2147483647;
			files = (
			);
			runOnlyForDeploymentPostprocessing = 0;
		};
/* End PBXFrameworksBuildPhase section */

/* Begin PBXGroup section */
		D5B300CB1CED6A8D00F89FBE = {
			isa = PBXGroup;
			children = (
				D5B300D61CED6A8D00F89FBE /* RefreshView */,
				D5B300D51CED6A8D00F89FBE /* Products */,
			);
			sourceTree = "<group>";
		};
		D5B300D51CED6A8D00F89FBE /* Products */ = {
			isa = PBXGroup;
			children = (
				D5B300D41CED6A8D00F89FBE /* RefreshView.app */,
			);
			name = Products;
			sourceTree = "<group>";
		};
		D5B300D61CED6A8D00F89FBE /* RefreshView */ = {
			isa = PBXGroup;
			children = (
				D5B300DA1CED6A8D00F89FBE /* AppDelegate.h */,
				D5B300DB1CED6A8D00F89FBE /* AppDelegate.m */,
				D5B300EE1CED6ACC00F89FBE /* RootViewController.h */,
				D5B300EF1CED6ACC00F89FBE /* RootViewController.m */,
				D5B300F01CED6ACC00F89FBE /* RootViewController.xib */,
				D5B300F31CED6B6700F89FBE /* RefreshHeaderView.h */,
				D5B300F41CED6B6700F89FBE /* RefreshHeaderView.m */,
				D5B300F61CEDC7AA00F89FBE /* RefreshFooterView.h */,
				D5B300F71CEDC7AA00F89FBE /* RefreshFooterView.m */,
				D5B300E31CED6A8D00F89FBE /* Assets.xcassets */,
				D5B300E51CED6A8D00F89FBE /* LaunchScreen.storyboard */,
				D5B300E81CED6A8D00F89FBE /* Info.plist */,
				D5B300D71CED6A8D00F89FBE /* Supporting Files */,
			);
			path = RefreshView;
			sourceTree = "<group>";
		};
		D5B300D71CED6A8D00F89FBE /* Supporting Files */ = {
			isa = PBXGroup;
			children = (
				D5B300D81CED6A8D00F89FBE /* main.m */,
			);
			name = "Supporting Files";
			sourceTree = "<group>";
		};
/* End PBXGroup section */

/* Begin PBXNativeTarget section */
		D5B300D31CED6A8D00F89FBE /* RefreshView */ = {
			isa = PBXNativeTarget;
			buildConfigurationList = D5B300EB1CED6A8D00F89FBE /* Build configuration list for PBXNativeTarget "RefreshView" */;
			buildPhases = (
				D5B300D01CED6A8D00F89FBE /* Sources */,
				D5B300D11CED6A8D00F89FBE /* Frameworks */,
				D5B300D21CED6A8D00F89FBE /* Resources */,
			);
			buildRules = (
			);
			dependencies = (
			);
			name = RefreshView;
			productName = RefreshView;
			productReference = D5B300D41CED6A8D00F89FBE /* RefreshView.app */;
			productType = "com.apple.product-type.application";
		};
/* End PBXNativeTarget section */

/* Begin PBXProject section */
		D5B300CC1CED6A8D00F89FBE /* Project object */ = {
			isa = PBXProject;
			attributes = {
				LastUpgradeCheck = 0730;
				ORGANIZATIONNAME = zhanght;
				TargetAttributes = {
					D5B300D31CED6A8D00F89FBE = {
						CreatedOnToolsVersion = 7.3;
					};
				};
			};
			buildConfigurationList = D5B300CF1CED6A8D00F89FBE /* Build configuration list for PBXProject "RefreshView" */;
			compatibilityVersion = "Xcode 3.2";
			developmentRegion = English;
			hasScannedForEncodings = 0;
			knownRegions = (
				en,
				Base,
			);
			mainGroup = D5B300CB1CED6A8D00F89FBE;
			productRefGroup = D5B300D51CED6A8D00F89FBE /* Products */;
			projectDirPath = "";
			projectRoot = "";
			targets = (
				D5B300D31CED6A8D00F89FBE /* RefreshView */,
			);
		};
/* End PBXProject section */

/* Begin PBXResourcesBuildPhase section */
		D5B300D21CED6A8D00F89FBE /* Resources */ = {
			isa = PBXResourcesBuildPhase;
			buildActionMask = 2147483647;
			files = (
				D5B300E71CED6A8D00F89FBE /* LaunchScreen.storyboard in Resources */,
				D5B300E41CED6A8D00F89FBE /* Assets.xcassets in Resources */,
				D5B300F21CED6ACC00F89FBE /* RootViewController.xib in Resources */,
			);
			runOnlyForDeploymentPostprocessing = 0;
		};
/* End PBXResourcesBuildPhase section */

/* Begin PBXSourcesBuildPhase section */
		D5B300D01CED6A8D00F89FBE /* Sources */ = {
			isa = PBXSourcesBuildPhase;
			buildActionMask = 2147483647;
			files = (
				D5B300DC1CED6A8D00F89FBE /* AppDelegate.m in Sources */,
				D5B300F81CEDC7AA00F89FBE /* RefreshFooterView.m in Sources */,
				D5B300D91CED6A8D00F89FBE /* main.m in Sources */,
				D5B300F51CED6B6700F89FBE /* RefreshHeaderView.m in Sources */,
				D5B300F11CED6ACC00F89FBE /* RootViewController.m in Sources */,
			);
			runOnlyForDeploymentPostprocessing = 0;
		};
/* End PBXSourcesBuildPhase section */

/* Begin PBXVariantGroup section */
		D5B300E51CED6A8D00F89FBE /* LaunchScreen.storyboard */ = {
			isa = PBXVariantGroup;
			children = (
				D5B300E61CED6A8D00F89FBE /* Base */,
			);
			name = LaunchScreen.storyboard;
			sourceTree = "<group>";
		};
/* End PBXVariantGroup section */

/* Begin XCBuildConfiguration section */
		D5B300E91CED6A8D00F89FBE /* Debug */ = {
			isa = XCBuildConfiguration;
			buildSettings = {
				ALWAYS_SEARCH_USER_PATHS = NO;
				CLANG_ANALYZER_NONNULL = YES;
				CLANG_CXX_LANGUAGE_STANDARD = "gnu++0x";
				CLANG_CXX_LIBRARY = "libc++";
				CLANG_ENABLE_MODULES = YES;
				CLANG_ENABLE_OBJC_ARC = YES;
				CLANG_WARN_BOOL_CONVERSION = YES;
				CLANG_WARN_CONSTANT_CONVERSION = YES;
				CLANG_WARN_DIRECT_OBJC_ISA_USAGE = YES_ERROR;
				CLANG_WARN_EMPTY_BODY = YES;
				CLANG_WARN_ENUM_CONVERSION = YES;
				CLANG_WARN_INT_CONVERSION = YES;
				CLANG_WARN_OBJC_ROOT_CLASS = YES_ERROR;
				CLANG_WARN_UNREACHABLE_CODE = YES;
				CLANG_WARN__DUPLICATE_METHOD_MATCH = YES;
				"CODE_SIGN_IDENTITY[sdk=iphoneos*]" = "iPhone Developer";
				COPY_PHASE_STRIP = NO;
				DEBUG_INFORMATION_FORMAT = dwarf;
				ENABLE_STRICT_OBJC_MSGSEND = YES;
				ENABLE_TESTABILITY = YES;
				GCC_C_LANGUAGE_STANDARD = gnu99;
				GCC_DYNAMIC_NO_PIC = NO;
				GCC_NO_COMMON_BLOCKS = YES;
				GCC_OPTIMIZATION_LEVEL = 0;
				GCC_PREPROCESSOR_DEFINITIONS = (
					"DEBUG=1",
					"$(inherited)",
				);
				GCC_WARN_64_TO_32_BIT_CONVERSION = YES;
				GCC_WARN_ABOUT_RETURN_TYPE = YES_ERROR;
				GCC_WARN_UNDECLARED_SELECTOR = YES;
				GCC_WARN_UNINITIALIZED_AUTOS = YES_AGGRESSIVE;
				GCC_WARN_UNUSED_FUNCTION = YES;
				GCC_WARN_UNUSED_VARIABLE = YES;
				IPHONEOS_DEPLOYMENT_TARGET = 9.3;
				MTL_ENABLE_DEBUG_INFO = YES;
				ONLY_ACTIVE_ARCH = YES;
				SDKROOT = iphoneos;
				TARGETED_DEVICE_FAMILY = "1,2";
			};
			name = Debug;
		};
		D5B300EA1CED6A8D00F89FBE /* Release */ = {
			isa = XCBuildConfiguration;
			buildSettings = {
				ALWAYS_SEARCH_USER_PATHS = NO;
				CLANG_ANALYZER_NONNULL = YES;
				CLANG_CXX_LANGUAGE_STANDARD = "gnu++0x";
				CLANG_CXX_LIBRARY = "libc++";
				CLANG_ENABLE_MODULES = YES;
				CLANG_ENABLE_OBJC_ARC = YES;
				CLANG_WARN_BOOL_CONVERSION = YES;
				CLANG_WARN_CONSTANT_CONVERSION = YES;
				CLANG_WARN_DIRECT_OBJC_ISA_USAGE = YES_ERROR;
				CLANG_WARN_EMPTY_BODY = YES;
				CLANG_WARN_ENUM_CONVERSION = YES;
				CLANG_WARN_INT_CONVERSION = YES;
				CLANG_WARN_OBJC_ROOT_CLASS = YES_ERROR;
				CLANG_WARN_UNREACHABLE_CODE = YES;
				CLANG_WARN__DUPLICATE_METHOD_MATCH = YES;
				"CODE_SIGN_IDENTITY[sdk=iphoneos*]" = "iPhone Developer";
				COPY_PHASE_STRIP = NO;
				DEBUG_INFORMATION_FORMAT = "dwarf-with-dsym";
				ENABLE_NS_ASSERTIONS = NO;
				ENABLE_STRICT_OBJC_MSGSEND = YES;
				GCC_C_LANGUAGE_STANDARD = gnu99;
				GCC_NO_COMMON_BLOCKS = YES;
				GCC_WARN_64_TO_32_BIT_CONVERSION = YES;
				GCC_WARN_ABOUT_RETURN_TYPE = YES_ERROR;
				GCC_WARN_UNDECLARED_SELECTOR = YES;
				GCC_WARN_UNINITIALIZED_AUTOS = YES_AGGRESSIVE;
				GCC_WARN_UNUSED_FUNCTION = YES;
				GCC_WARN_UNUSED_VARIABLE = YES;
				IPHONEOS_DEPLOYMENT_TARGET = 9.3;
				MTL_ENABLE_DEBUG_INFO = NO;
				SDKROOT = iphoneos;
				TARGETED_DEVICE_FAMILY = "1,2";
				VALIDATE_PRODUCT = YES;
			};
			name = Release;
		};
		D5B300EC1CED6A8D00F89FBE /* Debug */ = {
			isa = XCBuildConfiguration;
			buildSettings = {
				ASSETCATALOG_COMPILER_APPICON_NAME = AppIcon;
				INFOPLIST_FILE = RefreshView/Info.plist;
				IPHONEOS_DEPLOYMENT_TARGET = 7.0;
				LD_RUNPATH_SEARCH_PATHS = "$(inherited) @executable_path/Frameworks";
				PRODUCT_BUNDLE_IDENTIFIER = zhanght.RefreshView;
				PRODUCT_NAME = "$(TARGET_NAME)";
			};
			name = Debug;
		};
		D5B300ED1CED6A8D00F89FBE /* Release */ = {
			isa = XCBuildConfiguration;
			buildSettings = {
				ASSETCATALOG_COMPILER_APPICON_NAME = AppIcon;
				INFOPLIST_FILE = RefreshView/Info.plist;
				IPHONEOS_DEPLOYMENT_TARGET = 7.0;
				LD_RUNPATH_SEARCH_PATHS = "$(inherited) @executable_path/Frameworks";
				PRODUCT_BUNDLE_IDENTIFIER = zhanght.RefreshView;
				PRODUCT_NAME = "$(TARGET_NAME)";
			};
			name = Release;
		};
/* End XCBuildConfiguration section */

/* Begin XCConfigurationList section */
		D5B300CF1CED6A8D00F89FBE /* Build configuration list for PBXProject "RefreshView" */ = {
			isa = XCConfigurationList;
			buildConfigurations = (
				D5B300E91CED6A8D00F89FBE /* Debug */,
				D5B300EA1CED6A8D00F89FBE /* Release */,
			);
			defaultConfigurationIsVisible = 0;
			defaultConfigurationName = Release;
		};
		D5B300EB1CED6A8D00F89FBE /* Build configuration list for PBXNativeTarget "RefreshView" */ = {
			isa = XCConfigurationList;
			buildConfigurations = (
				D5B300EC1CED6A8D00F89FBE /* Debug */,
				D5B300ED1CED6A8D00F89FBE /* Release */,
			);
			defaultConfigurationIsVisible = 0;
		};
/* End XCConfigurationList section */
	};
	rootObject = D5B300CC1CED6A8D00F89FBE /* Project object */;
}
